// !$*UTF8*$!
{
	archiveVersion = 1;
	classes = {
	};
	objectVersion = 55;
	objects = {

/* Begin PBXBuildFile section */
		8A935FE928D9C2320092E1A2 /* main.swift in Sources */ = {isa = PBXBuildFile; fileRef = 8A935FE828D9C2320092E1A2 /* main.swift */; };
		8A935FF028D9C2530092E1A2 /* Command.swift in Sources */ = {isa = PBXBuildFile; fileRef = 8A935FEF28D9C2530092E1A2 /* Command.swift */; };
		8A935FF228D9C2830092E1A2 /* TextEditor.swift in Sources */ = {isa = PBXBuildFile; fileRef = 8A935FF128D9C2830092E1A2 /* TextEditor.swift */; };
		8A935FF428D9C29D0092E1A2 /* Invoker.swift in Sources */ = {isa = PBXBuildFile; fileRef = 8A935FF328D9C29C0092E1A2 /* Invoker.swift */; };
		8A935FF628D9C2C40092E1A2 /* PastCommand.swift in Sources */ = {isa = PBXBuildFile; fileRef = 8A935FF528D9C2C40092E1A2 /* PastCommand.swift */; };
		8A935FF828D9C2E00092E1A2 /* WriteCommand.swift in Sources */ = {isa = PBXBuildFile; fileRef = 8A935FF728D9C2DF0092E1A2 /* WriteCommand.swift */; };
		8A935FFA28D9C3660092E1A2 /* CopyCommand.swift in Sources */ = {isa = PBXBuildFile; fileRef = 8A935FF928D9C3660092E1A2 /* CopyCommand.swift */; };
/* End PBXBuildFile section */

/* Begin PBXCopyFilesBuildPhase section */
		8A935FE328D9C2320092E1A2 /* CopyFiles */ = {
			isa = PBXCopyFilesBuildPhase;
			buildActionMask = 2147483647;
			dstPath = /usr/share/man/man1/;
			dstSubfolderSpec = 0;
			files = (
			);
			runOnlyForDeploymentPostprocessing = 1;
		};
/* End PBXCopyFilesBuildPhase section */

/* Begin PBXFileReference section */
		8A935FE528D9C2320092E1A2 /* command */ = {isa = PBXFileReference; explicitFileType = "compiled.mach-o.executable"; includeInIndex = 0; path = command; sourceTree = BUILT_PRODUCTS_DIR; };
		8A935FE828D9C2320092E1A2 /* main.swift */ = {isa = PBXFileReference; lastKnownFileType = sourcecode.swift; path = main.swift; sourceTree = "<group>"; };
		8A935FEF28D9C2530092E1A2 /* Command.swift */ = {isa = PBXFileReference; lastKnownFileType = sourcecode.swift; path = Command.swift; sourceTree = "<group>"; };
		8A935FF128D9C2830092E1A2 /* TextEditor.swift */ = {isa = PBXFileReference; lastKnownFileType = sourcecode.swift; path = TextEditor.swift; sourceTree = "<group>"; };
		8A935FF328D9C29C0092E1A2 /* Invoker.swift */ = {isa = PBXFileReference; lastKnownFileType = sourcecode.swift; path = Invoker.swift; sourceTree = "<group>"; };
		8A935FF528D9C2C40092E1A2 /* PastCommand.swift */ = {isa = PBXFileReference; lastKnownFileType = sourcecode.swift; path = PastCommand.swift; sourceTree = "<group>"; };
		8A935FF728D9C2DF0092E1A2 /* WriteCommand.swift */ = {isa = PBXFileReference; lastKnownFileType = sourcecode.swift; path = WriteCommand.swift; sourceTree = "<group>"; };
		8A935FF928D9C3660092E1A2 /* CopyCommand.swift */ = {isa = PBXFileReference; lastKnownFileType = sourcecode.swift; path = CopyCommand.swift; sourceTree = "<group>"; };
/* End PBXFileReference section */

/* Begin PBXFrameworksBuildPhase section */
		8A935FE228D9C2320092E1A2 /* Frameworks */ = {
			isa = PBXFrameworksBuildPhase;
			buildActionMask = 2147483647;
			files = (
			);
			runOnlyForDeploymentPostprocessing = 0;
		};
/* End PBXFrameworksBuildPhase section */

/* Begin PBXGroup section */
		8A935FDC28D9C2320092E1A2 = {
			isa = PBXGroup;
			children = (
				8A935FE728D9C2320092E1A2 /* command */,
				8A935FE628D9C2320092E1A2 /* Products */,
			);
			sourceTree = "<group>";
		};
		8A935FE628D9C2320092E1A2 /* Products */ = {
			isa = PBXGroup;
			children = (
				8A935FE528D9C2320092E1A2 /* command */,
			);
			name = Products;
			sourceTree = "<group>";
		};
		8A935FE728D9C2320092E1A2 /* command */ = {
			isa = PBXGroup;
			children = (
				8A935FE828D9C2320092E1A2 /* main.swift */,
				8A935FEF28D9C2530092E1A2 /* Command.swift */,
				8A935FF128D9C2830092E1A2 /* TextEditor.swift */,
				8A935FF328D9C29C0092E1A2 /* Invoker.swift */,
				8A935FF528D9C2C40092E1A2 /* PastCommand.swift */,
				8A935FF728D9C2DF0092E1A2 /* WriteCommand.swift */,
				8A935FF928D9C3660092E1A2 /* CopyCommand.swift */,
			);
			path = command;
			sourceTree = "<group>";
		};
/* End PBXGroup section */

/* Begin PBXNativeTarget section */
		8A935FE428D9C2320092E1A2 /* command */ = {
			isa = PBXNativeTarget;
			buildConfigurationList = 8A935FEC28D9C2320092E1A2 /* Build configuration list for PBXNativeTarget "command" */;
			buildPhases = (
				8A935FE128D9C2320092E1A2 /* Sources */,
				8A935FE228D9C2320092E1A2 /* Frameworks */,
				8A935FE328D9C2320092E1A2 /* CopyFiles */,
			);
			buildRules = (
			);
			dependencies = (
			);
			name = command;
			productName = command;
			productReference = 8A935FE528D9C2320092E1A2 /* command */;
			productType = "com.apple.product-type.tool";
		};
/* End PBXNativeTarget section */

/* Begin PBXProject section */
		8A935FDD28D9C2320092E1A2 /* Project object */ = {
			isa = PBXProject;
			attributes = {
				BuildIndependentTargetsInParallel = 1;
				LastSwiftUpdateCheck = 1340;
				LastUpgradeCheck = 1340;
				TargetAttributes = {
					8A935FE428D9C2320092E1A2 = {
						CreatedOnToolsVersion = 13.4.1;
					};
				};
			};
			buildConfigurationList = 8A935FE028D9C2320092E1A2 /* Build configuration list for PBXProject "command" */;
			compatibilityVersion = "Xcode 13.0";
			developmentRegion = en;
			hasScannedForEncodings = 0;
			knownRegions = (
				en,
				Base,
			);
			mainGroup = 8A935FDC28D9C2320092E1A2;
			productRefGroup = 8A935FE628D9C2320092E1A2 /* Products */;
			projectDirPath = "";
			projectRoot = "";
			targets = (
				8A935FE428D9C2320092E1A2 /* command */,
			);
		};
/* End PBXProject section */

/* Begin PBXSourcesBuildPhase section */
		8A935FE128D9C2320092E1A2 /* Sources */ = {
			isa = PBXSourcesBuildPhase;
			buildActionMask = 2147483647;
			files = (
				8A935FE928D9C2320092E1A2 /* main.swift in Sources */,
				8A935FF228D9C2830092E1A2 /* TextEditor.swift in Sources */,
				8A935FFA28D9C3660092E1A2 /* CopyCommand.swift in Sources */,
				8A935FF628D9C2C40092E1A2 /* PastCommand.swift in Sources */,
				8A935FF828D9C2E00092E1A2 /* WriteCommand.swift in Sources */,
				8A935FF428D9C29D0092E1A2 /* Invoker.swift in Sources */,
				8A935FF028D9C2530092E1A2 /* Command.swift in Sources */,
			);
			runOnlyForDeploymentPostprocessing = 0;
		};
/* End PBXSourcesBuildPhase section */

/* Begin XCBuildConfiguration section */
		8A935FEA28D9C2320092E1A2 /* Debug */ = {
			isa = XCBuildConfiguration;
			buildSettings = {
				ALWAYS_SEARCH_USER_PATHS = NO;
				CLANG_ANALYZER_NONNULL = YES;
				CLANG_ANALYZER_NUMBER_OBJECT_CONVERSION = YES_AGGRESSIVE;
				CLANG_CXX_LANGUAGE_STANDARD = "gnu++17";
				CLANG_ENABLE_MODULES = YES;
				CLANG_ENABLE_OBJC_ARC = YES;
				CLANG_ENABLE_OBJC_WEAK = YES;
				CLANG_WARN_BLOCK_CAPTURE_AUTORELEASING = YES;
				CLANG_WARN_BOOL_CONVERSION = YES;
				CLANG_WARN_COMMA = YES;
				CLANG_WARN_CONSTANT_CONVERSION = YES;
				CLANG_WARN_DEPRECATED_OBJC_IMPLEMENTATIONS = YES;
				CLANG_WARN_DIRECT_OBJC_ISA_USAGE = YES_ERROR;
				CLANG_WARN_DOCUMENTATION_COMMENTS = YES;
				CLANG_WARN_EMPTY_BODY = YES;
				CLANG_WARN_ENUM_CONVERSION = YES;
				CLANG_WARN_INFINITE_RECURSION = YES;
				CLANG_WARN_INT_CONVERSION = YES;
				CLANG_WARN_NON_LITERAL_NULL_CONVERSION = YES;
				CLANG_WARN_OBJC_IMPLICIT_RETAIN_SELF = YES;
				CLANG_WARN_OBJC_LITERAL_CONVERSION = YES;
				CLANG_WARN_OBJC_ROOT_CLASS = YES_ERROR;
				CLANG_WARN_QUOTED_INCLUDE_IN_FRAMEWORK_HEADER = YES;
				CLANG_WARN_RANGE_LOOP_ANALYSIS = YES;
				CLANG_WARN_STRICT_PROTOTYPES = YES;
				CLANG_WARN_SUSPICIOUS_MOVE = YES;
				CLANG_WARN_UNGUARDED_AVAILABILITY = YES_AGGRESSIVE;
				CLANG_WARN_UNREACHABLE_CODE = YES;
				CLANG_WARN__DUPLICATE_METHOD_MATCH = YES;
				COPY_PHASE_STRIP = NO;
				DEBUG_INFORMATION_FORMAT = dwarf;
				ENABLE_STRICT_OBJC_MSGSEND = YES;
				ENABLE_TESTABILITY = YES;
				GCC_C_LANGUAGE_STANDARD = gnu11;
				GCC_DYNAMIC_NO_PIC = NO;
				GCC_NO_COMMON_BLOCKS = YES;
				GCC_OPTIMIZATION_LEVEL = 0;
				GCC_PREPROCESSOR_DEFINITIONS = (
					"DEBUG=1",
					"$(inherited)",
				);
				GCC_WARN_64_TO_32_BIT_CONVERSION = YES;
				GCC_WARN_ABOUT_RETURN_TYPE = YES_ERROR;
				GCC_WARN_UNDECLARED_SELECTOR = YES;
				GCC_WARN_UNINITIALIZED_AUTOS = YES_AGGRESSIVE;
				GCC_WARN_UNUSED_FUNCTION = YES;
				GCC_WARN_UNUSED_VARIABLE = YES;
				MACOSX_DEPLOYMENT_TARGET = 12.3;
				MTL_ENABLE_DEBUG_INFO = INCLUDE_SOURCE;
				MTL_FAST_MATH = YES;
				ONLY_ACTIVE_ARCH = YES;
				SDKROOT = macosx;
				SWIFT_ACTIVE_COMPILATION_CONDITIONS = DEBUG;
				SWIFT_OPTIMIZATION_LEVEL = "-Onone";
			};
			name = Debug;
		};
		8A935FEB28D9C2320092E1A2 /* Release */ = {
			isa = XCBuildConfiguration;
			buildSettings = {
				ALWAYS_SEARCH_USER_PATHS = NO;
				CLANG_ANALYZER_NONNULL = YES;
				CLANG_ANALYZER_NUMBER_OBJECT_CONVERSION = YES_AGGRESSIVE;
				CLANG_CXX_LANGUAGE_STANDARD = "gnu++17";
				CLANG_ENABLE_MODULES = YES;
				CLANG_ENABLE_OBJC_ARC = YES;
				CLANG_ENABLE_OBJC_WEAK = YES;
				CLANG_WARN_BLOCK_CAPTURE_AUTORELEASING = YES;
				CLANG_WARN_BOOL_CONVERSION = YES;
				CLANG_WARN_COMMA = YES;
				CLANG_WARN_CONSTANT_CONVERSION = YES;
				CLANG_WARN_DEPRECATED_OBJC_IMPLEMENTATIONS = YES;
				CLANG_WARN_DIRECT_OBJC_ISA_USAGE = YES_ERROR;
				CLANG_WARN_DOCUMENTATION_COMMENTS = YES;
				CLANG_WARN_EMPTY_BODY = YES;
				CLANG_WARN_ENUM_CONVERSION = YES;
				CLANG_WARN_INFINITE_RECURSION = YES;
				CLANG_WARN_INT_CONVERSION = YES;
				CLANG_WARN_NON_LITERAL_NULL_CONVERSION = YES;
				CLANG_WARN_OBJC_IMPLICIT_RETAIN_SELF = YES;
				CLANG_WARN_OBJC_LITERAL_CONVERSION = YES;
				CLANG_WARN_OBJC_ROOT_CLASS = YES_ERROR;
				CLANG_WARN_QUOTED_INCLUDE_IN_FRAMEWORK_HEADER = YES;
				CLANG_WARN_RANGE_LOOP_ANALYSIS = YES;
				CLANG_WARN_STRICT_PROTOTYPES = YES;
				CLANG_WARN_SUSPICIOUS_MOVE = YES;
				CLANG_WARN_UNGUARDED_AVAILABILITY = YES_AGGRESSIVE;
				CLANG_WARN_UNREACHABLE_CODE = YES;
				CLANG_WARN__DUPLICATE_METHOD_MATCH = YES;
				COPY_PHASE_STRIP = NO;
				DEBUG_INFORMATION_FORMAT = "dwarf-with-dsym";
				ENABLE_NS_ASSERTIONS = NO;
				ENABLE_STRICT_OBJC_MSGSEND = YES;
				GCC_C_LANGUAGE_STANDARD = gnu11;
				GCC_NO_COMMON_BLOCKS = YES;
				GCC_WARN_64_TO_32_BIT_CONVERSION = YES;
				GCC_WARN_ABOUT_RETURN_TYPE = YES_ERROR;
				GCC_WARN_UNDECLARED_SELECTOR = YES;
				GCC_WARN_UNINITIALIZED_AUTOS = YES_AGGRESSIVE;
				GCC_WARN_UNUSED_FUNCTION = YES;
				GCC_WARN_UNUSED_VARIABLE = YES;
				MACOSX_DEPLOYMENT_TARGET = 12.3;
				MTL_ENABLE_DEBUG_INFO = NO;
				MTL_FAST_MATH = YES;
				SDKROOT = macosx;
				SWIFT_COMPILATION_MODE = wholemodule;
				SWIFT_OPTIMIZATION_LEVEL = "-O";
			};
			name = Release;
		};
		8A935FED28D9C2320092E1A2 /* Debug */ = {
			isa = XCBuildConfiguration;
			buildSettings = {
				CODE_SIGN_STYLE = Automatic;
				PRODUCT_NAME = "$(TARGET_NAME)";
				SWIFT_VERSION = 5.0;
			};
			name = Debug;
		};
		8A935FEE28D9C2320092E1A2 /* Release */ = {
			isa = XCBuildConfiguration;
			buildSettings = {
				CODE_SIGN_STYLE = Automatic;
				PRODUCT_NAME = "$(TARGET_NAME)";
				SWIFT_VERSION = 5.0;
			};
			name = Release;
		};
/* End XCBuildConfiguration section */

/* Begin XCConfigurationList section */
		8A935FE028D9C2320092E1A2 /* Build configuration list for PBXProject "command" */ = {
			isa = XCConfigurationList;
			buildConfigurations = (
				8A935FEA28D9C2320092E1A2 /* Debug */,
				8A935FEB28D9C2320092E1A2 /* Release */,
			);
			defaultConfigurationIsVisible = 0;
			defaultConfigurationName = Release;
		};
		8A935FEC28D9C2320092E1A2 /* Build configuration list for PBXNativeTarget "command" */ = {
			isa = XCConfigurationList;
			buildConfigurations = (
				8A935FED28D9C2320092E1A2 /* Debug */,
				8A935FEE28D9C2320092E1A2 /* Release */,
			);
			defaultConfigurationIsVisible = 0;
			defaultConfigurationName = Release;
		};
/* End XCConfigurationList section */
	};
	rootObject = 8A935FDD28D9C2320092E1A2 /* Project object */;
}
